
Microsoft Visual Studio Solution File, Format Version 12.00
# Visual Studio Version 17
VisualStudioVersion = 17.3.32922.545
MinimumVisualStudioVersion = 10.0.40219.1
Project("{FAE04EC0-301F-11D3-BF4B-00C04F79EFBC}") = "SistemaPetShop", "SistemaPetShop\SistemaPetShop.csproj", "{E60BA0D7-7328-4900-B6C7-707922CDBF8F}"
EndProject
Global
	GlobalSection(SolutionConfigurationPlatforms) = preSolution
		Debug|Any CPU = Debug|Any CPU
		Release|Any CPU = Release|Any CPU
	EndGlobalSection
	GlobalSection(ProjectConfigurationPlatforms) = postSolution
		{E60BA0D7-7328-4900-B6C7-707922CDBF8F}.Debug|Any CPU.ActiveCfg = Debug|Any CPU
		{E60BA0D7-7328-4900-B6C7-707922CDBF8F}.Debug|Any CPU.Build.0 = Debug|Any CPU
		{E60BA0D7-7328-4900-B6C7-707922CDBF8F}.Release|Any CPU.ActiveCfg = Release|Any CPU
		{E60BA0D7-7328-4900-B6C7-707922CDBF8F}.Release|Any CPU.Build.0 = Release|Any CPU
	EndGlobalSection
	GlobalSection(SolutionProperties) = preSolution
		HideSolutionNode = FALSE
	EndGlobalSection
	GlobalSection(ExtensibilityGlobals) = postSolution
		SolutionGuid = {8CB4011F-E86C-496C-8EEB-48382AFA4A44}
	EndGlobalSection
EndGlobal
